
Microsoft Visual Studio Solution File, Format Version 12.00
# Visual Studio Version 17
VisualStudioVersion = 17.3.32825.248
MinimumVisualStudioVersion = 10.0.40219.1
Project("{9A19103F-16F7-4668-BE54-9A1E7A4F7556}") = "Algorithms", "Algorithms\Algorithms.csproj", "{132ABDD5-365F-442D-B9B9-EE6CC74ADA96}"
EndProject
Project("{FAE04EC0-301F-11D3-BF4B-00C04F79EFBC}") = "DataTypes", "DataTypes\DataTypes.csproj", "{21308731-A884-491B-A873-A9DA4A8BB2ED}"
EndProject
Global
	GlobalSection(SolutionConfigurationPlatforms) = preSolution
		Debug|Any CPU = Debug|Any CPU
		Release|Any CPU = Release|Any CPU
	EndGlobalSection
	GlobalSection(ProjectConfigurationPlatforms) = postSolution
		{132ABDD5-365F-442D-B9B9-EE6CC74ADA96}.Debug|Any CPU.ActiveCfg = Debug|Any CPU
		{132ABDD5-365F-442D-B9B9-EE6CC74ADA96}.Debug|Any CPU.Build.0 = Debug|Any CPU
		{132ABDD5-365F-442D-B9B9-EE6CC74ADA96}.Release|Any CPU.ActiveCfg = Release|Any CPU
		{132ABDD5-365F-442D-B9B9-EE6CC74ADA96}.Release|Any CPU.Build.0 = Release|Any CPU
		{21308731-A884-491B-A873-A9DA4A8BB2ED}.Debug|Any CPU.ActiveCfg = Debug|Any CPU
		{21308731-A884-491B-A873-A9DA4A8BB2ED}.Debug|Any CPU.Build.0 = Debug|Any CPU
		{21308731-A884-491B-A873-A9DA4A8BB2ED}.Release|Any CPU.ActiveCfg = Release|Any CPU
		{21308731-A884-491B-A873-A9DA4A8BB2ED}.Release|Any CPU.Build.0 = Release|Any CPU
	EndGlobalSection
	GlobalSection(SolutionProperties) = preSolution
		HideSolutionNode = FALSE
	EndGlobalSection
	GlobalSection(ExtensibilityGlobals) = postSolution
		SolutionGuid = {CC339375-C29D-4566-BC35-64A356D66D79}
	EndGlobalSection
EndGlobal
